<?xml version="1.0" encoding="utf-8"?>
<Project ToolsVersion="4.0" xmlns="http://schemas.microsoft.com/developer/msbuild/2003">
  <ItemGroup>
    <Filter Include="Source Files">
      <UniqueIdentifier>{4FC737F1-C7A5-4376-A066-2A32D752A2FF}</UniqueIdentifier>
      <Extensions>cpp;c;cc;cxx;def;odl;idl;hpj;bat;asm;asmx</Extensions>
    </Filter>
    <Filter Include="Header Files">
      <UniqueIdentifier>{93995380-89BD-4b04-88EB-625FBE52EBFB}</UniqueIdentifier>
      <Extensions>h;hh;hpp;hxx;hm;inl;inc;xsd</Extensions>
    </Filter>
    <Filter Include="Resource Files">
      <UniqueIdentifier>{67DA6AB6-F800-4c08-8B7A-83BB121AAD01}</UniqueIdentifier>
      <Extensions>rc;ico;cur;bmp;dlg;rc2;rct;bin;rgs;gif;jpg;jpeg;jpe;resx;tiff;tif;png;wav</Extensions>
    </Filter>
    <Filter Include="Header Files\Base.Mesh">
      <UniqueIdentifier>{ee0da098-17ab-486f-aeab-c19d76d2276b}</UniqueIdentifier>
    </Filter>
    <Filter Include="Header Files\Base.Mesh\主模块接口">
      <UniqueIdentifier>{c115146c-51a7-4f54-a768-f17fb63651f8}</UniqueIdentifier>
    </Filter>
    <Filter Include="Header Files\Base.Mesh\子模块">
      <UniqueIdentifier>{3a2c4abe-7354-4ef6-a028-727010255e28}</UniqueIdentifier>
    </Filter>
    <Filter Include="Source Files\Base.Point">
      <UniqueIdentifier>{7776c146-9306-4a5b-ac50-20af7a4427d8}</UniqueIdentifier>
    </Filter>
    <Filter Include="Source Files\Base.Mesh">
      <UniqueIdentifier>{5c4f49ba-8a52-42cd-a100-b1cde7ea0e69}</UniqueIdentifier>
    </Filter>
    <Filter Include="Header Files\Base.Math">
      <UniqueIdentifier>{bf593780-5b16-428d-a755-4d8dc163a4df}</UniqueIdentifier>
    </Filter>
    <Filter Include="Source Files\Base.Math">
      <UniqueIdentifier>{1eccb27d-1227-441d-8006-d58818b19f70}</UniqueIdentifier>
    </Filter>
    <Filter Include="Header Files\Base.Point">
      <UniqueIdentifier>{bd8cc1d1-de07-4e2b-a5b9-3f641adbe9b8}</UniqueIdentifier>
    </Filter>
    <Filter Include="Header Files\Base.Point\主模块接口">
      <UniqueIdentifier>{c7f1c4b5-9e31-4eeb-9af5-71b53ab3eeaa}</UniqueIdentifier>
    </Filter>
    <Filter Include="Header Files\Base.Point\子模块">
      <UniqueIdentifier>{c5f169f9-a6fa-459e-ac54-03fa909aa11f}</UniqueIdentifier>
    </Filter>
  </ItemGroup>
  <ItemGroup>
    <ClCompile Include="main.cpp">
      <Filter>Source Files</Filter>
    </ClCompile>
    <ClCompile Include="Base.Point.ixx">
      <Filter>Header Files\Base.Point\主模块接口</Filter>
    </ClCompile>
    <ClCompile Include="Base.Point-Point2D.ixx">
      <Filter>Header Files\Base.Point\子模块</Filter>
    </ClCompile>
    <ClCompile Include="Base.Point-Point3D.ixx">
      <Filter>Header Files\Base.Point\子模块</Filter>
    </ClCompile>
    <ClCompile Include="Base.Mesh.ixx">
      <Filter>Header Files\Base.Mesh\主模块接口</Filter>
    </ClCompile>
    <ClCompile Include="Base.Mesh-Print.ixx">
      <Filter>Header Files\Base.Mesh\子模块</Filter>
    </ClCompile>
    <ClCompile Include="Base.Mesh-Circle.ixx">
      <Filter>Header Files\Base.Mesh\子模块</Filter>
    </ClCompile>
    <ClCompile Include="Base.Mesh-Cylinder.ixx">
      <Filter>Header Files\Base.Mesh\子模块</Filter>
    </ClCompile>
    <ClCompile Include="Base.Mesh-ScrewThread.ixx">
      <Filter>Header Files\Base.Mesh\子模块</Filter>
    </ClCompile>
    <ClCompile Include="Base.Point-Point2D.cpp">
      <Filter>Source Files\Base.Point</Filter>
    </ClCompile>
    <ClCompile Include="Base.Point-Point3D.cpp">
      <Filter>Source Files\Base.Point</Filter>
    </ClCompile>
    <ClCompile Include="Base.Mesh-Circle.cpp">
      <Filter>Source Files\Base.Mesh</Filter>
    </ClCompile>
    <ClCompile Include="Base.Mesh-Cylinder.cpp">
      <Filter>Source Files\Base.Mesh</Filter>
    </ClCompile>
    <ClCompile Include="Base.Mesh-ScrewThread.cpp">
      <Filter>Source Files\Base.Mesh</Filter>
    </ClCompile>
    <ClCompile Include="Base.Mesh-Print.cpp">
      <Filter>Source Files\Base.Mesh</Filter>
    </ClCompile>
    <ClCompile Include="Base.Math.ixx">
      <Filter>Header Files\Base.Math</Filter>
    </ClCompile>
    <ClCompile Include="Base.Math.cpp">
      <Filter>Source Files\Base.Math</Filter>
    </ClCompile>
    <ClCompile Include="Base.Mesh-Inter.cpp">
      <Filter>Source Files\Base.Mesh</Filter>
    </ClCompile>
    <ClCompile Include="Base.Mesh-Inter.ixx">
      <Filter>Header Files\Base.Mesh\子模块</Filter>
    </ClCompile>
    <ClCompile Include="Base.Mesh-Element.ixx">
      <Filter>Header Files\Base.Mesh\子模块</Filter>
    </ClCompile>
    <ClCompile Include="Base.Type.ixx">
      <Filter>Header Files</Filter>
    </ClCompile>
    <ClCompile Include="Base.Point-Vertixs3D.ixx">
      <Filter>Header Files\Base.Point\子模块</Filter>
    </ClCompile>
    <ClCompile Include="Base.Point-Concept.ixx">
      <Filter>Header Files\Base.Point\子模块</Filter>
    </ClCompile>
  </ItemGroup>
  <ItemGroup>
    <Text Include="wiki.txt">
      <Filter>Source Files</Filter>
    </Text>
  </ItemGroup>
</Project>